Microsoft Visual Studio Solution File, Format Version 12.00
# Visual Studio Version 17
VisualStudioVersion = 17.5.2.0
MinimumVisualStudioVersion = 10.0.40219.1
Project("{FAE04EC0-301F-11D3-BF4B-00C04F79EFBC}") = "DateUtilsMCPServer", "DateUtilsMCPServer.csproj", "{BED3F116-42BC-01E3-A941-9A891B28457D}"
EndProject
Global
	GlobalSection(SolutionConfigurationPlatforms) = preSolution
		Debug|Any CPU = Debug|Any CPU
		Release|Any CPU = Release|Any CPU
	EndGlobalSection
	GlobalSection(ProjectConfigurationPlatforms) = postSolution
		{BED3F116-42BC-01E3-A941-9A891B28457D}.Debug|Any CPU.ActiveCfg = Debug|Any CPU
		{BED3F116-42BC-01E3-A941-9A891B28457D}.Debug|Any CPU.Build.0 = Debug|Any CPU
		{BED3F116-42BC-01E3-A941-9A891B28457D}.Release|Any CPU.ActiveCfg = Release|Any CPU
		{BED3F116-42BC-01E3-A941-9A891B28457D}.Release|Any CPU.Build.0 = Release|Any CPU
	EndGlobalSection
	GlobalSection(SolutionProperties) = preSolution
		HideSolutionNode = FALSE
	EndGlobalSection
	GlobalSection(ExtensibilityGlobals) = postSolution
		SolutionGuid = {9FAFB27D-9707-4D4D-8F61-EC0B18008641}
	EndGlobalSection
EndGlobal
